
Microsoft Visual Studio Solution File, Format Version 12.00
# Visual Studio 15
VisualStudioVersion = 15.0.26730.16
MinimumVisualStudioVersion = 10.0.40219.1
Project("{8BC9CEB8-8B4A-11D0-8D11-00A0C91BC942}") = "CCF", "CCF.vcxproj", "{82E226FE-FF69-48C5-AE8F-B9EDCC8378CC}"
EndProject
Project("{8BC9CEB8-8B4A-11D0-8D11-00A0C91BC942}") = "2017091", "2017091\2017091.vcxproj", "{FC59A991-28F5-4169-9D4F-31B614006D48}"
EndProject
Project("{8BC9CEB8-8B4A-11D0-8D11-00A0C91BC942}") = "2017092", "2017092\2017092.vcxproj", "{5A4EAE93-B683-4621-930F-78EB5C542CAF}"
EndProject
Project("{8BC9CEB8-8B4A-11D0-8D11-00A0C91BC942}") = "2017095", "2017095\2017095.vcxproj", "{A56AE612-6FE5-4767-8021-8180A721A99C}"
EndProject
Project("{8BC9CEB8-8B4A-11D0-8D11-00A0C91BC942}") = "2017094", "2017094\2017094.vcxproj", "{2916AA9B-6199-4152-B2BE-71947804674C}"
EndProject
Project("{8BC9CEB8-8B4A-11D0-8D11-00A0C91BC942}") = "2015031", "2015031\2015031.vcxproj", "{DDA917AC-7270-4CAA-9C5B-76072A5B0A05}"
EndProject
Project("{8BC9CEB8-8B4A-11D0-8D11-00A0C91BC942}") = "2015032", "2015032\2015032.vcxproj", "{A2DA9773-2AB2-4E41-93A0-E1E8A41D0197}"
EndProject
Project("{8BC9CEB8-8B4A-11D0-8D11-00A0C91BC942}") = "2015033", "2015033\2015033.vcxproj", "{69648F6C-C041-4BF1-A7F4-C2C13DF034C0}"
EndProject
Project("{8BC9CEB8-8B4A-11D0-8D11-00A0C91BC942}") = "2017093", "2017093\2017093.vcxproj", "{BE94BAA1-3BB1-44E2-8C2B-BBDC590F8835}"
EndProject
Project("{8BC9CEB8-8B4A-11D0-8D11-00A0C91BC942}") = "2015034", "2015034\2015034.vcxproj", "{C541C5E7-3CCD-42D4-B29B-DA642D453058}"
EndProject
Project("{8BC9CEB8-8B4A-11D0-8D11-00A0C91BC942}") = "2015035", "2015035\2015035.vcxproj", "{A3505569-E7C0-4A94-8BB1-1EE406224273}"
EndProject
Project("{8BC9CEB8-8B4A-11D0-8D11-00A0C91BC942}") = "2017031", "2017031\2017031.vcxproj", "{71C53B95-7CE4-4739-BD3F-9515BC9423CD}"
EndProject
Project("{8BC9CEB8-8B4A-11D0-8D11-00A0C91BC942}") = "2017032", "2017032\2017032.vcxproj", "{DEB4CF34-9F08-46A0-91C6-B7B4B985CCF4}"
EndProject
Project("{8BC9CEB8-8B4A-11D0-8D11-00A0C91BC942}") = "2017034", "2017034\2017034.vcxproj", "{7BC3F237-976A-4178-BEC5-29BF1CB349D3}"
EndProject
Project("{8BC9CEB8-8B4A-11D0-8D11-00A0C91BC942}") = "2016122", "2016122\2016122.vcxproj", "{E7B295EE-EF6A-49E2-AA6E-6466DE44FE6F}"
EndProject
Global
	GlobalSection(SolutionConfigurationPlatforms) = preSolution
		Debug|x64 = Debug|x64
		Debug|x86 = Debug|x86
		Release|x64 = Release|x64
		Release|x86 = Release|x86
	EndGlobalSection
	GlobalSection(ProjectConfigurationPlatforms) = postSolution
		{82E226FE-FF69-48C5-AE8F-B9EDCC8378CC}.Debug|x64.ActiveCfg = Debug|x64
		{82E226FE-FF69-48C5-AE8F-B9EDCC8378CC}.Debug|x64.Build.0 = Debug|x64
		{82E226FE-FF69-48C5-AE8F-B9EDCC8378CC}.Debug|x86.ActiveCfg = Debug|Win32
		{82E226FE-FF69-48C5-AE8F-B9EDCC8378CC}.Debug|x86.Build.0 = Debug|Win32
		{82E226FE-FF69-48C5-AE8F-B9EDCC8378CC}.Release|x64.ActiveCfg = Release|x64
		{82E226FE-FF69-48C5-AE8F-B9EDCC8378CC}.Release|x64.Build.0 = Release|x64
		{82E226FE-FF69-48C5-AE8F-B9EDCC8378CC}.Release|x86.ActiveCfg = Release|Win32
		{82E226FE-FF69-48C5-AE8F-B9EDCC8378CC}.Release|x86.Build.0 = Release|Win32
		{FC59A991-28F5-4169-9D4F-31B614006D48}.Debug|x64.ActiveCfg = Debug|x64
		{FC59A991-28F5-4169-9D4F-31B614006D48}.Debug|x64.Build.0 = Debug|x64
		{FC59A991-28F5-4169-9D4F-31B614006D48}.Debug|x86.ActiveCfg = Debug|Win32
		{FC59A991-28F5-4169-9D4F-31B614006D48}.Debug|x86.Build.0 = Debug|Win32
		{FC59A991-28F5-4169-9D4F-31B614006D48}.Release|x64.ActiveCfg = Release|x64
		{FC59A991-28F5-4169-9D4F-31B614006D48}.Release|x64.Build.0 = Release|x64
		{FC59A991-28F5-4169-9D4F-31B614006D48}.Release|x86.ActiveCfg = Release|Win32
		{FC59A991-28F5-4169-9D4F-31B614006D48}.Release|x86.Build.0 = Release|Win32
		{5A4EAE93-B683-4621-930F-78EB5C542CAF}.Debug|x64.ActiveCfg = Debug|x64
		{5A4EAE93-B683-4621-930F-78EB5C542CAF}.Debug|x64.Build.0 = Debug|x64
		{5A4EAE93-B683-4621-930F-78EB5C542CAF}.Debug|x86.ActiveCfg = Debug|Win32
		{5A4EAE93-B683-4621-930F-78EB5C542CAF}.Debug|x86.Build.0 = Debug|Win32
		{5A4EAE93-B683-4621-930F-78EB5C542CAF}.Release|x64.ActiveCfg = Release|x64
		{5A4EAE93-B683-4621-930F-78EB5C542CAF}.Release|x64.Build.0 = Release|x64
		{5A4EAE93-B683-4621-930F-78EB5C542CAF}.Release|x86.ActiveCfg = Release|Win32
		{5A4EAE93-B683-4621-930F-78EB5C542CAF}.Release|x86.Build.0 = Release|Win32
		{A56AE612-6FE5-4767-8021-8180A721A99C}.Debug|x64.ActiveCfg = Debug|x64
		{A56AE612-6FE5-4767-8021-8180A721A99C}.Debug|x64.Build.0 = Debug|x64
		{A56AE612-6FE5-4767-8021-8180A721A99C}.Debug|x86.ActiveCfg = Debug|Win32
		{A56AE612-6FE5-4767-8021-8180A721A99C}.Debug|x86.Build.0 = Debug|Win32
		{A56AE612-6FE5-4767-8021-8180A721A99C}.Release|x64.ActiveCfg = Release|x64
		{A56AE612-6FE5-4767-8021-8180A721A99C}.Release|x64.Build.0 = Release|x64
		{A56AE612-6FE5-4767-8021-8180A721A99C}.Release|x86.ActiveCfg = Release|Win32
		{A56AE612-6FE5-4767-8021-8180A721A99C}.Release|x86.Build.0 = Release|Win32
		{2916AA9B-6199-4152-B2BE-71947804674C}.Debug|x64.ActiveCfg = Debug|x64
		{2916AA9B-6199-4152-B2BE-71947804674C}.Debug|x64.Build.0 = Debug|x64
		{2916AA9B-6199-4152-B2BE-71947804674C}.Debug|x86.ActiveCfg = Debug|Win32
		{2916AA9B-6199-4152-B2BE-71947804674C}.Debug|x86.Build.0 = Debug|Win32
		{2916AA9B-6199-4152-B2BE-71947804674C}.Release|x64.ActiveCfg = Release|x64
		{2916AA9B-6199-4152-B2BE-71947804674C}.Release|x64.Build.0 = Release|x64
		{2916AA9B-6199-4152-B2BE-71947804674C}.Release|x86.ActiveCfg = Release|Win32
		{2916AA9B-6199-4152-B2BE-71947804674C}.Release|x86.Build.0 = Release|Win32
		{DDA917AC-7270-4CAA-9C5B-76072A5B0A05}.Debug|x64.ActiveCfg = Debug|x64
		{DDA917AC-7270-4CAA-9C5B-76072A5B0A05}.Debug|x64.Build.0 = Debug|x64
		{DDA917AC-7270-4CAA-9C5B-76072A5B0A05}.Debug|x86.ActiveCfg = Debug|Win32
		{DDA917AC-7270-4CAA-9C5B-76072A5B0A05}.Debug|x86.Build.0 = Debug|Win32
		{DDA917AC-7270-4CAA-9C5B-76072A5B0A05}.Release|x64.ActiveCfg = Release|x64
		{DDA917AC-7270-4CAA-9C5B-76072A5B0A05}.Release|x64.Build.0 = Release|x64
		{DDA917AC-7270-4CAA-9C5B-76072A5B0A05}.Release|x86.ActiveCfg = Release|Win32
		{DDA917AC-7270-4CAA-9C5B-76072A5B0A05}.Release|x86.Build.0 = Release|Win32
		{A2DA9773-2AB2-4E41-93A0-E1E8A41D0197}.Debug|x64.ActiveCfg = Debug|x64
		{A2DA9773-2AB2-4E41-93A0-E1E8A41D0197}.Debug|x64.Build.0 = Debug|x64
		{A2DA9773-2AB2-4E41-93A0-E1E8A41D0197}.Debug|x86.ActiveCfg = Debug|Win32
		{A2DA9773-2AB2-4E41-93A0-E1E8A41D0197}.Debug|x86.Build.0 = Debug|Win32
		{A2DA9773-2AB2-4E41-93A0-E1E8A41D0197}.Release|x64.ActiveCfg = Release|x64
		{A2DA9773-2AB2-4E41-93A0-E1E8A41D0197}.Release|x64.Build.0 = Release|x64
		{A2DA9773-2AB2-4E41-93A0-E1E8A41D0197}.Release|x86.ActiveCfg = Release|Win32
		{A2DA9773-2AB2-4E41-93A0-E1E8A41D0197}.Release|x86.Build.0 = Release|Win32
		{69648F6C-C041-4BF1-A7F4-C2C13DF034C0}.Debug|x64.ActiveCfg = Debug|x64
		{69648F6C-C041-4BF1-A7F4-C2C13DF034C0}.Debug|x64.Build.0 = Debug|x64
		{69648F6C-C041-4BF1-A7F4-C2C13DF034C0}.Debug|x86.ActiveCfg = Debug|Win32
		{69648F6C-C041-4BF1-A7F4-C2C13DF034C0}.Debug|x86.Build.0 = Debug|Win32
		{69648F6C-C041-4BF1-A7F4-C2C13DF034C0}.Release|x64.ActiveCfg = Release|x64
		{69648F6C-C041-4BF1-A7F4-C2C13DF034C0}.Release|x64.Build.0 = Release|x64
		{69648F6C-C041-4BF1-A7F4-C2C13DF034C0}.Release|x86.ActiveCfg = Release|Win32
		{69648F6C-C041-4BF1-A7F4-C2C13DF034C0}.Release|x86.Build.0 = Release|Win32
		{BE94BAA1-3BB1-44E2-8C2B-BBDC590F8835}.Debug|x64.ActiveCfg = Debug|x64
		{BE94BAA1-3BB1-44E2-8C2B-BBDC590F8835}.Debug|x64.Build.0 = Debug|x64
		{BE94BAA1-3BB1-44E2-8C2B-BBDC590F8835}.Debug|x86.ActiveCfg = Debug|Win32
		{BE94BAA1-3BB1-44E2-8C2B-BBDC590F8835}.Debug|x86.Build.0 = Debug|Win32
		{BE94BAA1-3BB1-44E2-8C2B-BBDC590F8835}.Release|x64.ActiveCfg = Release|x64
		{BE94BAA1-3BB1-44E2-8C2B-BBDC590F8835}.Release|x64.Build.0 = Release|x64
		{BE94BAA1-3BB1-44E2-8C2B-BBDC590F8835}.Release|x86.ActiveCfg = Release|Win32
		{BE94BAA1-3BB1-44E2-8C2B-BBDC590F8835}.Release|x86.Build.0 = Release|Win32
		{C541C5E7-3CCD-42D4-B29B-DA642D453058}.Debug|x64.ActiveCfg = Debug|x64
		{C541C5E7-3CCD-42D4-B29B-DA642D453058}.Debug|x64.Build.0 = Debug|x64
		{C541C5E7-3CCD-42D4-B29B-DA642D453058}.Debug|x86.ActiveCfg = Debug|Win32
		{C541C5E7-3CCD-42D4-B29B-DA642D453058}.Debug|x86.Build.0 = Debug|Win32
		{C541C5E7-3CCD-42D4-B29B-DA642D453058}.Release|x64.ActiveCfg = Release|x64
		{C541C5E7-3CCD-42D4-B29B-DA642D453058}.Release|x64.Build.0 = Release|x64
		{C541C5E7-3CCD-42D4-B29B-DA642D453058}.Release|x86.ActiveCfg = Release|Win32
		{C541C5E7-3CCD-42D4-B29B-DA642D453058}.Release|x86.Build.0 = Release|Win32
		{A3505569-E7C0-4A94-8BB1-1EE406224273}.Debug|x64.ActiveCfg = Debug|x64
		{A3505569-E7C0-4A94-8BB1-1EE406224273}.Debug|x64.Build.0 = Debug|x64
		{A3505569-E7C0-4A94-8BB1-1EE406224273}.Debug|x86.ActiveCfg = Debug|Win32
		{A3505569-E7C0-4A94-8BB1-1EE406224273}.Debug|x86.Build.0 = Debug|Win32
		{A3505569-E7C0-4A94-8BB1-1EE406224273}.Release|x64.ActiveCfg = Release|x64
		{A3505569-E7C0-4A94-8BB1-1EE406224273}.Release|x64.Build.0 = Release|x64
		{A3505569-E7C0-4A94-8BB1-1EE406224273}.Release|x86.ActiveCfg = Release|Win32
		{A3505569-E7C0-4A94-8BB1-1EE406224273}.Release|x86.Build.0 = Release|Win32
		{71C53B95-7CE4-4739-BD3F-9515BC9423CD}.Debug|x64.ActiveCfg = Debug|x64
		{71C53B95-7CE4-4739-BD3F-9515BC9423CD}.Debug|x64.Build.0 = Debug|x64
		{71C53B95-7CE4-4739-BD3F-9515BC9423CD}.Debug|x86.ActiveCfg = Debug|Win32
		{71C53B95-7CE4-4739-BD3F-9515BC9423CD}.Debug|x86.Build.0 = Debug|Win32
		{71C53B95-7CE4-4739-BD3F-9515BC9423CD}.Release|x64.ActiveCfg = Release|x64
		{71C53B95-7CE4-4739-BD3F-9515BC9423CD}.Release|x64.Build.0 = Release|x64
		{71C53B95-7CE4-4739-BD3F-9515BC9423CD}.Release|x86.ActiveCfg = Release|Win32
		{71C53B95-7CE4-4739-BD3F-9515BC9423CD}.Release|x86.Build.0 = Release|Win32
		{DEB4CF34-9F08-46A0-91C6-B7B4B985CCF4}.Debug|x64.ActiveCfg = Debug|x64
		{DEB4CF34-9F08-46A0-91C6-B7B4B985CCF4}.Debug|x64.Build.0 = Debug|x64
		{DEB4CF34-9F08-46A0-91C6-B7B4B985CCF4}.Debug|x86.ActiveCfg = Debug|Win32
		{DEB4CF34-9F08-46A0-91C6-B7B4B985CCF4}.Debug|x86.Build.0 = Debug|Win32
		{DEB4CF34-9F08-46A0-91C6-B7B4B985CCF4}.Release|x64.ActiveCfg = Release|x64
		{DEB4CF34-9F08-46A0-91C6-B7B4B985CCF4}.Release|x64.Build.0 = Release|x64
		{DEB4CF34-9F08-46A0-91C6-B7B4B985CCF4}.Release|x86.ActiveCfg = Release|Win32
		{DEB4CF34-9F08-46A0-91C6-B7B4B985CCF4}.Release|x86.Build.0 = Release|Win32
		{7BC3F237-976A-4178-BEC5-29BF1CB349D3}.Debug|x64.ActiveCfg = Debug|x64
		{7BC3F237-976A-4178-BEC5-29BF1CB349D3}.Debug|x64.Build.0 = Debug|x64
		{7BC3F237-976A-4178-BEC5-29BF1CB349D3}.Debug|x86.ActiveCfg = Debug|Win32
		{7BC3F237-976A-4178-BEC5-29BF1CB349D3}.Debug|x86.Build.0 = Debug|Win32
		{7BC3F237-976A-4178-BEC5-29BF1CB349D3}.Release|x64.ActiveCfg = Release|x64
		{7BC3F237-976A-4178-BEC5-29BF1CB349D3}.Release|x64.Build.0 = Release|x64
		{7BC3F237-976A-4178-BEC5-29BF1CB349D3}.Release|x86.ActiveCfg = Release|Win32
		{7BC3F237-976A-4178-BEC5-29BF1CB349D3}.Release|x86.Build.0 = Release|Win32
		{E7B295EE-EF6A-49E2-AA6E-6466DE44FE6F}.Debug|x64.ActiveCfg = Debug|x64
		{E7B295EE-EF6A-49E2-AA6E-6466DE44FE6F}.Debug|x64.Build.0 = Debug|x64
		{E7B295EE-EF6A-49E2-AA6E-6466DE44FE6F}.Debug|x86.ActiveCfg = Debug|Win32
		{E7B295EE-EF6A-49E2-AA6E-6466DE44FE6F}.Debug|x86.Build.0 = Debug|Win32
		{E7B295EE-EF6A-49E2-AA6E-6466DE44FE6F}.Release|x64.ActiveCfg = Release|x64
		{E7B295EE-EF6A-49E2-AA6E-6466DE44FE6F}.Release|x64.Build.0 = Release|x64
		{E7B295EE-EF6A-49E2-AA6E-6466DE44FE6F}.Release|x86.ActiveCfg = Release|Win32
		{E7B295EE-EF6A-49E2-AA6E-6466DE44FE6F}.Release|x86.Build.0 = Release|Win32
	EndGlobalSection
	GlobalSection(SolutionProperties) = preSolution
		HideSolutionNode = FALSE
	EndGlobalSection
	GlobalSection(ExtensibilityGlobals) = postSolution
		SolutionGuid = {16EA676A-58D2-4806-B7EC-0359D3538D5F}
	EndGlobalSection
EndGlobal
