
Microsoft Visual Studio Solution File, Format Version 12.00
# Visual Studio 15
VisualStudioVersion = 15.0.27130.2036
MinimumVisualStudioVersion = 10.0.40219.1
Project("{8BC9CEB8-8B4A-11D0-8D11-00A0C91BC942}") = "CCF", "CCF.vcxproj", "{82E226FE-FF69-48C5-AE8F-B9EDCC8378CC}"
EndProject
Project("{8BC9CEB8-8B4A-11D0-8D11-00A0C91BC942}") = "2017091", "2017091\2017091.vcxproj", "{FC59A991-28F5-4169-9D4F-31B614006D48}"
EndProject
Project("{8BC9CEB8-8B4A-11D0-8D11-00A0C91BC942}") = "2017092", "2017092\2017092.vcxproj", "{5A4EAE93-B683-4621-930F-78EB5C542CAF}"
EndProject
Project("{8BC9CEB8-8B4A-11D0-8D11-00A0C91BC942}") = "2017095", "2017095\2017095.vcxproj", "{A56AE612-6FE5-4767-8021-8180A721A99C}"
EndProject
Project("{8BC9CEB8-8B4A-11D0-8D11-00A0C91BC942}") = "2017094", "2017094\2017094.vcxproj", "{2916AA9B-6199-4152-B2BE-71947804674C}"
EndProject
Project("{8BC9CEB8-8B4A-11D0-8D11-00A0C91BC942}") = "2015031", "2015031\2015031.vcxproj", "{DDA917AC-7270-4CAA-9C5B-76072A5B0A05}"
EndProject
Project("{8BC9CEB8-8B4A-11D0-8D11-00A0C91BC942}") = "2015032", "2015032\2015032.vcxproj", "{A2DA9773-2AB2-4E41-93A0-E1E8A41D0197}"
EndProject
Project("{8BC9CEB8-8B4A-11D0-8D11-00A0C91BC942}") = "2015033", "2015033\2015033.vcxproj", "{69648F6C-C041-4BF1-A7F4-C2C13DF034C0}"
EndProject
Project("{8BC9CEB8-8B4A-11D0-8D11-00A0C91BC942}") = "2017093", "2017093\2017093.vcxproj", "{BE94BAA1-3BB1-44E2-8C2B-BBDC590F8835}"
EndProject
Project("{8BC9CEB8-8B4A-11D0-8D11-00A0C91BC942}") = "2015034", "2015034\2015034.vcxproj", "{C541C5E7-3CCD-42D4-B29B-DA642D453058}"
EndProject
Project("{8BC9CEB8-8B4A-11D0-8D11-00A0C91BC942}") = "2015035", "2015035\2015035.vcxproj", "{A3505569-E7C0-4A94-8BB1-1EE406224273}"
EndProject
Project("{8BC9CEB8-8B4A-11D0-8D11-00A0C91BC942}") = "2017031", "2017031\2017031.vcxproj", "{71C53B95-7CE4-4739-BD3F-9515BC9423CD}"
EndProject
Project("{8BC9CEB8-8B4A-11D0-8D11-00A0C91BC942}") = "2017032", "2017032\2017032.vcxproj", "{DEB4CF34-9F08-46A0-91C6-B7B4B985CCF4}"
EndProject
Project("{8BC9CEB8-8B4A-11D0-8D11-00A0C91BC942}") = "2017034", "2017034\2017034.vcxproj", "{7BC3F237-976A-4178-BEC5-29BF1CB349D3}"
EndProject
Project("{8BC9CEB8-8B4A-11D0-8D11-00A0C91BC942}") = "2016122", "2016122\2016122.vcxproj", "{E7B295EE-EF6A-49E2-AA6E-6466DE44FE6F}"
EndProject
Project("{8BC9CEB8-8B4A-11D0-8D11-00A0C91BC942}") = "2017033", "2017033\2017033.vcxproj", "{8167DEA3-A89B-49F3-8865-35E469F95893}"
EndProject
Project("{8BC9CEB8-8B4A-11D0-8D11-00A0C91BC942}") = "2017121", "2017121\2017121.vcxproj", "{DB1110BB-9B97-486B-93F6-D8CDDDAC6766}"
EndProject
Project("{8BC9CEB8-8B4A-11D0-8D11-00A0C91BC942}") = "2017122", "2017122\2017122.vcxproj", "{1C3A94AF-4D7D-4BC5-82E1-745E0F2C2210}"
EndProject
Project("{8BC9CEB8-8B4A-11D0-8D11-00A0C91BC942}") = "2016121", "2016121\2016121.vcxproj", "{47FD83D8-8934-42E0-9B4C-9C4DAACD1867}"
EndProject
Project("{8BC9CEB8-8B4A-11D0-8D11-00A0C91BC942}") = "2013121", "2013121\2013121.vcxproj", "{6C304DCD-6889-4907-A576-133E2F67496F}"
EndProject
Project("{8BC9CEB8-8B4A-11D0-8D11-00A0C91BC942}") = "2014031", "2014031\2014031.vcxproj", "{2EF5E939-5A8C-4511-B2EF-10BB6FE21664}"
EndProject
Project("{8BC9CEB8-8B4A-11D0-8D11-00A0C91BC942}") = "2014091", "2014091\2014091.vcxproj", "{2C22D7D2-B01B-43A8-8DE9-388B04217E60}"
EndProject
Project("{8BC9CEB8-8B4A-11D0-8D11-00A0C91BC942}") = "2014121", "2014121\2014121.vcxproj", "{CC302160-A0FF-4C79-8938-233FE9135358}"
EndProject
Project("{8BC9CEB8-8B4A-11D0-8D11-00A0C91BC942}") = "2015091", "2015091\2015091.vcxproj", "{D13C69DA-198F-4783-A0AB-3776233970B8}"
EndProject
Project("{8BC9CEB8-8B4A-11D0-8D11-00A0C91BC942}") = "2015121", "2015121\2015121.vcxproj", "{F14228C1-7E30-40E0-A36B-7F767E302BB8}"
EndProject
Project("{8BC9CEB8-8B4A-11D0-8D11-00A0C91BC942}") = "2016041", "2016041\2016041.vcxproj", "{B325D268-447F-4A11-9CBC-05569590F09C}"
EndProject
Project("{8BC9CEB8-8B4A-11D0-8D11-00A0C91BC942}") = "2016091", "2016091\2016091.vcxproj", "{DF119CC7-6EEF-4B4E-A816-58D41DA23690}"
EndProject
Project("{8BC9CEB8-8B4A-11D0-8D11-00A0C91BC942}") = "2017035", "2017035\2017035.vcxproj", "{7E4306DD-2A47-4BFD-964F-E8DE976EA7B4}"
EndProject
Project("{8BC9CEB8-8B4A-11D0-8D11-00A0C91BC942}") = "2016092", "2016092\2016092.vcxproj", "{4B93FCDD-9D6B-464F-84B8-820A97627C7A}"
EndProject
Project("{8BC9CEB8-8B4A-11D0-8D11-00A0C91BC942}") = "2016042", "2016042\2016042.vcxproj", "{39595907-F6D0-4F32-B4D9-5476652A5AB2}"
EndProject
Project("{8BC9CEB8-8B4A-11D0-8D11-00A0C91BC942}") = "2015122", "2015122\2015122.vcxproj", "{2A9357D4-FE41-42E1-B979-A06FDCBE3A89}"
EndProject
Global
	GlobalSection(SolutionConfigurationPlatforms) = preSolution
		Debug|x64 = Debug|x64
		Debug|x86 = Debug|x86
		Release|x64 = Release|x64
		Release|x86 = Release|x86
	EndGlobalSection
	GlobalSection(ProjectConfigurationPlatforms) = postSolution
		{82E226FE-FF69-48C5-AE8F-B9EDCC8378CC}.Debug|x64.ActiveCfg = Debug|x64
		{82E226FE-FF69-48C5-AE8F-B9EDCC8378CC}.Debug|x64.Build.0 = Debug|x64
		{82E226FE-FF69-48C5-AE8F-B9EDCC8378CC}.Debug|x86.ActiveCfg = Debug|Win32
		{82E226FE-FF69-48C5-AE8F-B9EDCC8378CC}.Debug|x86.Build.0 = Debug|Win32
		{82E226FE-FF69-48C5-AE8F-B9EDCC8378CC}.Release|x64.ActiveCfg = Release|x64
		{82E226FE-FF69-48C5-AE8F-B9EDCC8378CC}.Release|x64.Build.0 = Release|x64
		{82E226FE-FF69-48C5-AE8F-B9EDCC8378CC}.Release|x86.ActiveCfg = Release|Win32
		{82E226FE-FF69-48C5-AE8F-B9EDCC8378CC}.Release|x86.Build.0 = Release|Win32
		{FC59A991-28F5-4169-9D4F-31B614006D48}.Debug|x64.ActiveCfg = Debug|x64
		{FC59A991-28F5-4169-9D4F-31B614006D48}.Debug|x64.Build.0 = Debug|x64
		{FC59A991-28F5-4169-9D4F-31B614006D48}.Debug|x86.ActiveCfg = Debug|Win32
		{FC59A991-28F5-4169-9D4F-31B614006D48}.Debug|x86.Build.0 = Debug|Win32
		{FC59A991-28F5-4169-9D4F-31B614006D48}.Release|x64.ActiveCfg = Release|x64
		{FC59A991-28F5-4169-9D4F-31B614006D48}.Release|x64.Build.0 = Release|x64
		{FC59A991-28F5-4169-9D4F-31B614006D48}.Release|x86.ActiveCfg = Release|Win32
		{FC59A991-28F5-4169-9D4F-31B614006D48}.Release|x86.Build.0 = Release|Win32
		{5A4EAE93-B683-4621-930F-78EB5C542CAF}.Debug|x64.ActiveCfg = Debug|x64
		{5A4EAE93-B683-4621-930F-78EB5C542CAF}.Debug|x64.Build.0 = Debug|x64
		{5A4EAE93-B683-4621-930F-78EB5C542CAF}.Debug|x86.ActiveCfg = Debug|Win32
		{5A4EAE93-B683-4621-930F-78EB5C542CAF}.Debug|x86.Build.0 = Debug|Win32
		{5A4EAE93-B683-4621-930F-78EB5C542CAF}.Release|x64.ActiveCfg = Release|x64
		{5A4EAE93-B683-4621-930F-78EB5C542CAF}.Release|x64.Build.0 = Release|x64
		{5A4EAE93-B683-4621-930F-78EB5C542CAF}.Release|x86.ActiveCfg = Release|Win32
		{5A4EAE93-B683-4621-930F-78EB5C542CAF}.Release|x86.Build.0 = Release|Win32
		{A56AE612-6FE5-4767-8021-8180A721A99C}.Debug|x64.ActiveCfg = Debug|x64
		{A56AE612-6FE5-4767-8021-8180A721A99C}.Debug|x64.Build.0 = Debug|x64
		{A56AE612-6FE5-4767-8021-8180A721A99C}.Debug|x86.ActiveCfg = Debug|Win32
		{A56AE612-6FE5-4767-8021-8180A721A99C}.Debug|x86.Build.0 = Debug|Win32
		{A56AE612-6FE5-4767-8021-8180A721A99C}.Release|x64.ActiveCfg = Release|x64
		{A56AE612-6FE5-4767-8021-8180A721A99C}.Release|x64.Build.0 = Release|x64
		{A56AE612-6FE5-4767-8021-8180A721A99C}.Release|x86.ActiveCfg = Release|Win32
		{A56AE612-6FE5-4767-8021-8180A721A99C}.Release|x86.Build.0 = Release|Win32
		{2916AA9B-6199-4152-B2BE-71947804674C}.Debug|x64.ActiveCfg = Debug|x64
		{2916AA9B-6199-4152-B2BE-71947804674C}.Debug|x64.Build.0 = Debug|x64
		{2916AA9B-6199-4152-B2BE-71947804674C}.Debug|x86.ActiveCfg = Debug|Win32
		{2916AA9B-6199-4152-B2BE-71947804674C}.Debug|x86.Build.0 = Debug|Win32
		{2916AA9B-6199-4152-B2BE-71947804674C}.Release|x64.ActiveCfg = Release|x64
		{2916AA9B-6199-4152-B2BE-71947804674C}.Release|x64.Build.0 = Release|x64
		{2916AA9B-6199-4152-B2BE-71947804674C}.Release|x86.ActiveCfg = Release|Win32
		{2916AA9B-6199-4152-B2BE-71947804674C}.Release|x86.Build.0 = Release|Win32
		{DDA917AC-7270-4CAA-9C5B-76072A5B0A05}.Debug|x64.ActiveCfg = Debug|x64
		{DDA917AC-7270-4CAA-9C5B-76072A5B0A05}.Debug|x64.Build.0 = Debug|x64
		{DDA917AC-7270-4CAA-9C5B-76072A5B0A05}.Debug|x86.ActiveCfg = Debug|Win32
		{DDA917AC-7270-4CAA-9C5B-76072A5B0A05}.Debug|x86.Build.0 = Debug|Win32
		{DDA917AC-7270-4CAA-9C5B-76072A5B0A05}.Release|x64.ActiveCfg = Release|x64
		{DDA917AC-7270-4CAA-9C5B-76072A5B0A05}.Release|x64.Build.0 = Release|x64
		{DDA917AC-7270-4CAA-9C5B-76072A5B0A05}.Release|x86.ActiveCfg = Release|Win32
		{DDA917AC-7270-4CAA-9C5B-76072A5B0A05}.Release|x86.Build.0 = Release|Win32
		{A2DA9773-2AB2-4E41-93A0-E1E8A41D0197}.Debug|x64.ActiveCfg = Debug|x64
		{A2DA9773-2AB2-4E41-93A0-E1E8A41D0197}.Debug|x64.Build.0 = Debug|x64
		{A2DA9773-2AB2-4E41-93A0-E1E8A41D0197}.Debug|x86.ActiveCfg = Debug|Win32
		{A2DA9773-2AB2-4E41-93A0-E1E8A41D0197}.Debug|x86.Build.0 = Debug|Win32
		{A2DA9773-2AB2-4E41-93A0-E1E8A41D0197}.Release|x64.ActiveCfg = Release|x64
		{A2DA9773-2AB2-4E41-93A0-E1E8A41D0197}.Release|x64.Build.0 = Release|x64
		{A2DA9773-2AB2-4E41-93A0-E1E8A41D0197}.Release|x86.ActiveCfg = Release|Win32
		{A2DA9773-2AB2-4E41-93A0-E1E8A41D0197}.Release|x86.Build.0 = Release|Win32
		{69648F6C-C041-4BF1-A7F4-C2C13DF034C0}.Debug|x64.ActiveCfg = Debug|x64
		{69648F6C-C041-4BF1-A7F4-C2C13DF034C0}.Debug|x64.Build.0 = Debug|x64
		{69648F6C-C041-4BF1-A7F4-C2C13DF034C0}.Debug|x86.ActiveCfg = Debug|Win32
		{69648F6C-C041-4BF1-A7F4-C2C13DF034C0}.Debug|x86.Build.0 = Debug|Win32
		{69648F6C-C041-4BF1-A7F4-C2C13DF034C0}.Release|x64.ActiveCfg = Release|x64
		{69648F6C-C041-4BF1-A7F4-C2C13DF034C0}.Release|x64.Build.0 = Release|x64
		{69648F6C-C041-4BF1-A7F4-C2C13DF034C0}.Release|x86.ActiveCfg = Release|Win32
		{69648F6C-C041-4BF1-A7F4-C2C13DF034C0}.Release|x86.Build.0 = Release|Win32
		{BE94BAA1-3BB1-44E2-8C2B-BBDC590F8835}.Debug|x64.ActiveCfg = Debug|x64
		{BE94BAA1-3BB1-44E2-8C2B-BBDC590F8835}.Debug|x64.Build.0 = Debug|x64
		{BE94BAA1-3BB1-44E2-8C2B-BBDC590F8835}.Debug|x86.ActiveCfg = Debug|Win32
		{BE94BAA1-3BB1-44E2-8C2B-BBDC590F8835}.Debug|x86.Build.0 = Debug|Win32
		{BE94BAA1-3BB1-44E2-8C2B-BBDC590F8835}.Release|x64.ActiveCfg = Release|x64
		{BE94BAA1-3BB1-44E2-8C2B-BBDC590F8835}.Release|x64.Build.0 = Release|x64
		{BE94BAA1-3BB1-44E2-8C2B-BBDC590F8835}.Release|x86.ActiveCfg = Release|Win32
		{BE94BAA1-3BB1-44E2-8C2B-BBDC590F8835}.Release|x86.Build.0 = Release|Win32
		{C541C5E7-3CCD-42D4-B29B-DA642D453058}.Debug|x64.ActiveCfg = Debug|x64
		{C541C5E7-3CCD-42D4-B29B-DA642D453058}.Debug|x64.Build.0 = Debug|x64
		{C541C5E7-3CCD-42D4-B29B-DA642D453058}.Debug|x86.ActiveCfg = Debug|Win32
		{C541C5E7-3CCD-42D4-B29B-DA642D453058}.Debug|x86.Build.0 = Debug|Win32
		{C541C5E7-3CCD-42D4-B29B-DA642D453058}.Release|x64.ActiveCfg = Release|x64
		{C541C5E7-3CCD-42D4-B29B-DA642D453058}.Release|x64.Build.0 = Release|x64
		{C541C5E7-3CCD-42D4-B29B-DA642D453058}.Release|x86.ActiveCfg = Release|Win32
		{C541C5E7-3CCD-42D4-B29B-DA642D453058}.Release|x86.Build.0 = Release|Win32
		{A3505569-E7C0-4A94-8BB1-1EE406224273}.Debug|x64.ActiveCfg = Debug|x64
		{A3505569-E7C0-4A94-8BB1-1EE406224273}.Debug|x64.Build.0 = Debug|x64
		{A3505569-E7C0-4A94-8BB1-1EE406224273}.Debug|x86.ActiveCfg = Debug|Win32
		{A3505569-E7C0-4A94-8BB1-1EE406224273}.Debug|x86.Build.0 = Debug|Win32
		{A3505569-E7C0-4A94-8BB1-1EE406224273}.Release|x64.ActiveCfg = Release|x64
		{A3505569-E7C0-4A94-8BB1-1EE406224273}.Release|x64.Build.0 = Release|x64
		{A3505569-E7C0-4A94-8BB1-1EE406224273}.Release|x86.ActiveCfg = Release|Win32
		{A3505569-E7C0-4A94-8BB1-1EE406224273}.Release|x86.Build.0 = Release|Win32
		{71C53B95-7CE4-4739-BD3F-9515BC9423CD}.Debug|x64.ActiveCfg = Debug|x64
		{71C53B95-7CE4-4739-BD3F-9515BC9423CD}.Debug|x64.Build.0 = Debug|x64
		{71C53B95-7CE4-4739-BD3F-9515BC9423CD}.Debug|x86.ActiveCfg = Debug|Win32
		{71C53B95-7CE4-4739-BD3F-9515BC9423CD}.Debug|x86.Build.0 = Debug|Win32
		{71C53B95-7CE4-4739-BD3F-9515BC9423CD}.Release|x64.ActiveCfg = Release|x64
		{71C53B95-7CE4-4739-BD3F-9515BC9423CD}.Release|x64.Build.0 = Release|x64
		{71C53B95-7CE4-4739-BD3F-9515BC9423CD}.Release|x86.ActiveCfg = Release|Win32
		{71C53B95-7CE4-4739-BD3F-9515BC9423CD}.Release|x86.Build.0 = Release|Win32
		{DEB4CF34-9F08-46A0-91C6-B7B4B985CCF4}.Debug|x64.ActiveCfg = Debug|x64
		{DEB4CF34-9F08-46A0-91C6-B7B4B985CCF4}.Debug|x64.Build.0 = Debug|x64
		{DEB4CF34-9F08-46A0-91C6-B7B4B985CCF4}.Debug|x86.ActiveCfg = Debug|Win32
		{DEB4CF34-9F08-46A0-91C6-B7B4B985CCF4}.Debug|x86.Build.0 = Debug|Win32
		{DEB4CF34-9F08-46A0-91C6-B7B4B985CCF4}.Release|x64.ActiveCfg = Release|x64
		{DEB4CF34-9F08-46A0-91C6-B7B4B985CCF4}.Release|x64.Build.0 = Release|x64
		{DEB4CF34-9F08-46A0-91C6-B7B4B985CCF4}.Release|x86.ActiveCfg = Release|Win32
		{DEB4CF34-9F08-46A0-91C6-B7B4B985CCF4}.Release|x86.Build.0 = Release|Win32
		{7BC3F237-976A-4178-BEC5-29BF1CB349D3}.Debug|x64.ActiveCfg = Debug|x64
		{7BC3F237-976A-4178-BEC5-29BF1CB349D3}.Debug|x64.Build.0 = Debug|x64
		{7BC3F237-976A-4178-BEC5-29BF1CB349D3}.Debug|x86.ActiveCfg = Debug|Win32
		{7BC3F237-976A-4178-BEC5-29BF1CB349D3}.Debug|x86.Build.0 = Debug|Win32
		{7BC3F237-976A-4178-BEC5-29BF1CB349D3}.Release|x64.ActiveCfg = Release|x64
		{7BC3F237-976A-4178-BEC5-29BF1CB349D3}.Release|x64.Build.0 = Release|x64
		{7BC3F237-976A-4178-BEC5-29BF1CB349D3}.Release|x86.ActiveCfg = Release|Win32
		{7BC3F237-976A-4178-BEC5-29BF1CB349D3}.Release|x86.Build.0 = Release|Win32
		{E7B295EE-EF6A-49E2-AA6E-6466DE44FE6F}.Debug|x64.ActiveCfg = Debug|x64
		{E7B295EE-EF6A-49E2-AA6E-6466DE44FE6F}.Debug|x64.Build.0 = Debug|x64
		{E7B295EE-EF6A-49E2-AA6E-6466DE44FE6F}.Debug|x86.ActiveCfg = Debug|Win32
		{E7B295EE-EF6A-49E2-AA6E-6466DE44FE6F}.Debug|x86.Build.0 = Debug|Win32
		{E7B295EE-EF6A-49E2-AA6E-6466DE44FE6F}.Release|x64.ActiveCfg = Release|x64
		{E7B295EE-EF6A-49E2-AA6E-6466DE44FE6F}.Release|x64.Build.0 = Release|x64
		{E7B295EE-EF6A-49E2-AA6E-6466DE44FE6F}.Release|x86.ActiveCfg = Release|Win32
		{E7B295EE-EF6A-49E2-AA6E-6466DE44FE6F}.Release|x86.Build.0 = Release|Win32
		{8167DEA3-A89B-49F3-8865-35E469F95893}.Debug|x64.ActiveCfg = Debug|x64
		{8167DEA3-A89B-49F3-8865-35E469F95893}.Debug|x64.Build.0 = Debug|x64
		{8167DEA3-A89B-49F3-8865-35E469F95893}.Debug|x86.ActiveCfg = Debug|Win32
		{8167DEA3-A89B-49F3-8865-35E469F95893}.Debug|x86.Build.0 = Debug|Win32
		{8167DEA3-A89B-49F3-8865-35E469F95893}.Release|x64.ActiveCfg = Release|x64
		{8167DEA3-A89B-49F3-8865-35E469F95893}.Release|x64.Build.0 = Release|x64
		{8167DEA3-A89B-49F3-8865-35E469F95893}.Release|x86.ActiveCfg = Release|Win32
		{8167DEA3-A89B-49F3-8865-35E469F95893}.Release|x86.Build.0 = Release|Win32
		{DB1110BB-9B97-486B-93F6-D8CDDDAC6766}.Debug|x64.ActiveCfg = Debug|x64
		{DB1110BB-9B97-486B-93F6-D8CDDDAC6766}.Debug|x64.Build.0 = Debug|x64
		{DB1110BB-9B97-486B-93F6-D8CDDDAC6766}.Debug|x86.ActiveCfg = Debug|Win32
		{DB1110BB-9B97-486B-93F6-D8CDDDAC6766}.Debug|x86.Build.0 = Debug|Win32
		{DB1110BB-9B97-486B-93F6-D8CDDDAC6766}.Release|x64.ActiveCfg = Release|x64
		{DB1110BB-9B97-486B-93F6-D8CDDDAC6766}.Release|x64.Build.0 = Release|x64
		{DB1110BB-9B97-486B-93F6-D8CDDDAC6766}.Release|x86.ActiveCfg = Release|Win32
		{DB1110BB-9B97-486B-93F6-D8CDDDAC6766}.Release|x86.Build.0 = Release|Win32
		{1C3A94AF-4D7D-4BC5-82E1-745E0F2C2210}.Debug|x64.ActiveCfg = Debug|x64
		{1C3A94AF-4D7D-4BC5-82E1-745E0F2C2210}.Debug|x64.Build.0 = Debug|x64
		{1C3A94AF-4D7D-4BC5-82E1-745E0F2C2210}.Debug|x86.ActiveCfg = Debug|Win32
		{1C3A94AF-4D7D-4BC5-82E1-745E0F2C2210}.Debug|x86.Build.0 = Debug|Win32
		{1C3A94AF-4D7D-4BC5-82E1-745E0F2C2210}.Release|x64.ActiveCfg = Release|x64
		{1C3A94AF-4D7D-4BC5-82E1-745E0F2C2210}.Release|x64.Build.0 = Release|x64
		{1C3A94AF-4D7D-4BC5-82E1-745E0F2C2210}.Release|x86.ActiveCfg = Release|Win32
		{1C3A94AF-4D7D-4BC5-82E1-745E0F2C2210}.Release|x86.Build.0 = Release|Win32
		{47FD83D8-8934-42E0-9B4C-9C4DAACD1867}.Debug|x64.ActiveCfg = Debug|x64
		{47FD83D8-8934-42E0-9B4C-9C4DAACD1867}.Debug|x64.Build.0 = Debug|x64
		{47FD83D8-8934-42E0-9B4C-9C4DAACD1867}.Debug|x86.ActiveCfg = Debug|Win32
		{47FD83D8-8934-42E0-9B4C-9C4DAACD1867}.Debug|x86.Build.0 = Debug|Win32
		{47FD83D8-8934-42E0-9B4C-9C4DAACD1867}.Release|x64.ActiveCfg = Release|x64
		{47FD83D8-8934-42E0-9B4C-9C4DAACD1867}.Release|x64.Build.0 = Release|x64
		{47FD83D8-8934-42E0-9B4C-9C4DAACD1867}.Release|x86.ActiveCfg = Release|Win32
		{47FD83D8-8934-42E0-9B4C-9C4DAACD1867}.Release|x86.Build.0 = Release|Win32
		{6C304DCD-6889-4907-A576-133E2F67496F}.Debug|x64.ActiveCfg = Debug|x64
		{6C304DCD-6889-4907-A576-133E2F67496F}.Debug|x64.Build.0 = Debug|x64
		{6C304DCD-6889-4907-A576-133E2F67496F}.Debug|x86.ActiveCfg = Debug|Win32
		{6C304DCD-6889-4907-A576-133E2F67496F}.Debug|x86.Build.0 = Debug|Win32
		{6C304DCD-6889-4907-A576-133E2F67496F}.Release|x64.ActiveCfg = Release|x64
		{6C304DCD-6889-4907-A576-133E2F67496F}.Release|x64.Build.0 = Release|x64
		{6C304DCD-6889-4907-A576-133E2F67496F}.Release|x86.ActiveCfg = Release|Win32
		{6C304DCD-6889-4907-A576-133E2F67496F}.Release|x86.Build.0 = Release|Win32
		{2EF5E939-5A8C-4511-B2EF-10BB6FE21664}.Debug|x64.ActiveCfg = Debug|x64
		{2EF5E939-5A8C-4511-B2EF-10BB6FE21664}.Debug|x64.Build.0 = Debug|x64
		{2EF5E939-5A8C-4511-B2EF-10BB6FE21664}.Debug|x86.ActiveCfg = Debug|Win32
		{2EF5E939-5A8C-4511-B2EF-10BB6FE21664}.Debug|x86.Build.0 = Debug|Win32
		{2EF5E939-5A8C-4511-B2EF-10BB6FE21664}.Release|x64.ActiveCfg = Release|x64
		{2EF5E939-5A8C-4511-B2EF-10BB6FE21664}.Release|x64.Build.0 = Release|x64
		{2EF5E939-5A8C-4511-B2EF-10BB6FE21664}.Release|x86.ActiveCfg = Release|Win32
		{2EF5E939-5A8C-4511-B2EF-10BB6FE21664}.Release|x86.Build.0 = Release|Win32
		{2C22D7D2-B01B-43A8-8DE9-388B04217E60}.Debug|x64.ActiveCfg = Debug|x64
		{2C22D7D2-B01B-43A8-8DE9-388B04217E60}.Debug|x64.Build.0 = Debug|x64
		{2C22D7D2-B01B-43A8-8DE9-388B04217E60}.Debug|x86.ActiveCfg = Debug|Win32
		{2C22D7D2-B01B-43A8-8DE9-388B04217E60}.Debug|x86.Build.0 = Debug|Win32
		{2C22D7D2-B01B-43A8-8DE9-388B04217E60}.Release|x64.ActiveCfg = Release|x64
		{2C22D7D2-B01B-43A8-8DE9-388B04217E60}.Release|x64.Build.0 = Release|x64
		{2C22D7D2-B01B-43A8-8DE9-388B04217E60}.Release|x86.ActiveCfg = Release|Win32
		{2C22D7D2-B01B-43A8-8DE9-388B04217E60}.Release|x86.Build.0 = Release|Win32
		{CC302160-A0FF-4C79-8938-233FE9135358}.Debug|x64.ActiveCfg = Debug|x64
		{CC302160-A0FF-4C79-8938-233FE9135358}.Debug|x64.Build.0 = Debug|x64
		{CC302160-A0FF-4C79-8938-233FE9135358}.Debug|x86.ActiveCfg = Debug|Win32
		{CC302160-A0FF-4C79-8938-233FE9135358}.Debug|x86.Build.0 = Debug|Win32
		{CC302160-A0FF-4C79-8938-233FE9135358}.Release|x64.ActiveCfg = Release|x64
		{CC302160-A0FF-4C79-8938-233FE9135358}.Release|x64.Build.0 = Release|x64
		{CC302160-A0FF-4C79-8938-233FE9135358}.Release|x86.ActiveCfg = Release|Win32
		{CC302160-A0FF-4C79-8938-233FE9135358}.Release|x86.Build.0 = Release|Win32
		{D13C69DA-198F-4783-A0AB-3776233970B8}.Debug|x64.ActiveCfg = Debug|x64
		{D13C69DA-198F-4783-A0AB-3776233970B8}.Debug|x64.Build.0 = Debug|x64
		{D13C69DA-198F-4783-A0AB-3776233970B8}.Debug|x86.ActiveCfg = Debug|Win32
		{D13C69DA-198F-4783-A0AB-3776233970B8}.Debug|x86.Build.0 = Debug|Win32
		{D13C69DA-198F-4783-A0AB-3776233970B8}.Release|x64.ActiveCfg = Release|x64
		{D13C69DA-198F-4783-A0AB-3776233970B8}.Release|x64.Build.0 = Release|x64
		{D13C69DA-198F-4783-A0AB-3776233970B8}.Release|x86.ActiveCfg = Release|Win32
		{D13C69DA-198F-4783-A0AB-3776233970B8}.Release|x86.Build.0 = Release|Win32
		{F14228C1-7E30-40E0-A36B-7F767E302BB8}.Debug|x64.ActiveCfg = Debug|x64
		{F14228C1-7E30-40E0-A36B-7F767E302BB8}.Debug|x64.Build.0 = Debug|x64
		{F14228C1-7E30-40E0-A36B-7F767E302BB8}.Debug|x86.ActiveCfg = Debug|Win32
		{F14228C1-7E30-40E0-A36B-7F767E302BB8}.Debug|x86.Build.0 = Debug|Win32
		{F14228C1-7E30-40E0-A36B-7F767E302BB8}.Release|x64.ActiveCfg = Release|x64
		{F14228C1-7E30-40E0-A36B-7F767E302BB8}.Release|x64.Build.0 = Release|x64
		{F14228C1-7E30-40E0-A36B-7F767E302BB8}.Release|x86.ActiveCfg = Release|Win32
		{F14228C1-7E30-40E0-A36B-7F767E302BB8}.Release|x86.Build.0 = Release|Win32
		{B325D268-447F-4A11-9CBC-05569590F09C}.Debug|x64.ActiveCfg = Debug|x64
		{B325D268-447F-4A11-9CBC-05569590F09C}.Debug|x64.Build.0 = Debug|x64
		{B325D268-447F-4A11-9CBC-05569590F09C}.Debug|x86.ActiveCfg = Debug|Win32
		{B325D268-447F-4A11-9CBC-05569590F09C}.Debug|x86.Build.0 = Debug|Win32
		{B325D268-447F-4A11-9CBC-05569590F09C}.Release|x64.ActiveCfg = Release|x64
		{B325D268-447F-4A11-9CBC-05569590F09C}.Release|x64.Build.0 = Release|x64
		{B325D268-447F-4A11-9CBC-05569590F09C}.Release|x86.ActiveCfg = Release|Win32
		{B325D268-447F-4A11-9CBC-05569590F09C}.Release|x86.Build.0 = Release|Win32
		{DF119CC7-6EEF-4B4E-A816-58D41DA23690}.Debug|x64.ActiveCfg = Debug|x64
		{DF119CC7-6EEF-4B4E-A816-58D41DA23690}.Debug|x64.Build.0 = Debug|x64
		{DF119CC7-6EEF-4B4E-A816-58D41DA23690}.Debug|x86.ActiveCfg = Debug|Win32
		{DF119CC7-6EEF-4B4E-A816-58D41DA23690}.Debug|x86.Build.0 = Debug|Win32
		{DF119CC7-6EEF-4B4E-A816-58D41DA23690}.Release|x64.ActiveCfg = Release|x64
		{DF119CC7-6EEF-4B4E-A816-58D41DA23690}.Release|x64.Build.0 = Release|x64
		{DF119CC7-6EEF-4B4E-A816-58D41DA23690}.Release|x86.ActiveCfg = Release|Win32
		{DF119CC7-6EEF-4B4E-A816-58D41DA23690}.Release|x86.Build.0 = Release|Win32
		{7E4306DD-2A47-4BFD-964F-E8DE976EA7B4}.Debug|x64.ActiveCfg = Debug|x64
		{7E4306DD-2A47-4BFD-964F-E8DE976EA7B4}.Debug|x64.Build.0 = Debug|x64
		{7E4306DD-2A47-4BFD-964F-E8DE976EA7B4}.Debug|x86.ActiveCfg = Debug|Win32
		{7E4306DD-2A47-4BFD-964F-E8DE976EA7B4}.Debug|x86.Build.0 = Debug|Win32
		{7E4306DD-2A47-4BFD-964F-E8DE976EA7B4}.Release|x64.ActiveCfg = Release|x64
		{7E4306DD-2A47-4BFD-964F-E8DE976EA7B4}.Release|x64.Build.0 = Release|x64
		{7E4306DD-2A47-4BFD-964F-E8DE976EA7B4}.Release|x86.ActiveCfg = Release|Win32
		{7E4306DD-2A47-4BFD-964F-E8DE976EA7B4}.Release|x86.Build.0 = Release|Win32
		{4B93FCDD-9D6B-464F-84B8-820A97627C7A}.Debug|x64.ActiveCfg = Debug|x64
		{4B93FCDD-9D6B-464F-84B8-820A97627C7A}.Debug|x64.Build.0 = Debug|x64
		{4B93FCDD-9D6B-464F-84B8-820A97627C7A}.Debug|x86.ActiveCfg = Debug|Win32
		{4B93FCDD-9D6B-464F-84B8-820A97627C7A}.Debug|x86.Build.0 = Debug|Win32
		{4B93FCDD-9D6B-464F-84B8-820A97627C7A}.Release|x64.ActiveCfg = Release|x64
		{4B93FCDD-9D6B-464F-84B8-820A97627C7A}.Release|x64.Build.0 = Release|x64
		{4B93FCDD-9D6B-464F-84B8-820A97627C7A}.Release|x86.ActiveCfg = Release|Win32
		{4B93FCDD-9D6B-464F-84B8-820A97627C7A}.Release|x86.Build.0 = Release|Win32
		{39595907-F6D0-4F32-B4D9-5476652A5AB2}.Debug|x64.ActiveCfg = Debug|x64
		{39595907-F6D0-4F32-B4D9-5476652A5AB2}.Debug|x64.Build.0 = Debug|x64
		{39595907-F6D0-4F32-B4D9-5476652A5AB2}.Debug|x86.ActiveCfg = Debug|Win32
		{39595907-F6D0-4F32-B4D9-5476652A5AB2}.Debug|x86.Build.0 = Debug|Win32
		{39595907-F6D0-4F32-B4D9-5476652A5AB2}.Release|x64.ActiveCfg = Release|x64
		{39595907-F6D0-4F32-B4D9-5476652A5AB2}.Release|x64.Build.0 = Release|x64
		{39595907-F6D0-4F32-B4D9-5476652A5AB2}.Release|x86.ActiveCfg = Release|Win32
		{39595907-F6D0-4F32-B4D9-5476652A5AB2}.Release|x86.Build.0 = Release|Win32
		{2A9357D4-FE41-42E1-B979-A06FDCBE3A89}.Debug|x64.ActiveCfg = Debug|x64
		{2A9357D4-FE41-42E1-B979-A06FDCBE3A89}.Debug|x64.Build.0 = Debug|x64
		{2A9357D4-FE41-42E1-B979-A06FDCBE3A89}.Debug|x86.ActiveCfg = Debug|Win32
		{2A9357D4-FE41-42E1-B979-A06FDCBE3A89}.Debug|x86.Build.0 = Debug|Win32
		{2A9357D4-FE41-42E1-B979-A06FDCBE3A89}.Release|x64.ActiveCfg = Release|x64
		{2A9357D4-FE41-42E1-B979-A06FDCBE3A89}.Release|x64.Build.0 = Release|x64
		{2A9357D4-FE41-42E1-B979-A06FDCBE3A89}.Release|x86.ActiveCfg = Release|Win32
		{2A9357D4-FE41-42E1-B979-A06FDCBE3A89}.Release|x86.Build.0 = Release|Win32
	EndGlobalSection
	GlobalSection(SolutionProperties) = preSolution
		HideSolutionNode = FALSE
	EndGlobalSection
	GlobalSection(ExtensibilityGlobals) = postSolution
		SolutionGuid = {16EA676A-58D2-4806-B7EC-0359D3538D5F}
	EndGlobalSection
EndGlobal
